
Microsoft Visual Studio Solution File, Format Version 12.00
# Visual Studio Version 17
VisualStudioVersion = 17.1.32328.378
MinimumVisualStudioVersion = 10.0.40219.1
Project("{9A19103F-16F7-4668-BE54-9A1E7A4F7556}") = "FileLoggerLibrary", "FileLoggerLibrary\FileLoggerLibrary.csproj", "{C214DE9F-2731-405E-B1BD-8FC8E442DF25}"
EndProject
Project("{FAE04EC0-301F-11D3-BF4B-00C04F79EFBC}") = "FileLoggerDemo", "FileLoggerDemo\FileLoggerDemo.csproj", "{4FCB03DE-2DDE-46F6-B47A-F88F58059566}"
EndProject
Global
	GlobalSection(SolutionConfigurationPlatforms) = preSolution
		Debug|Any CPU = Debug|Any CPU
		Release|Any CPU = Release|Any CPU
	EndGlobalSection
	GlobalSection(ProjectConfigurationPlatforms) = postSolution
		{C214DE9F-2731-405E-B1BD-8FC8E442DF25}.Debug|Any CPU.ActiveCfg = Debug|Any CPU
		{C214DE9F-2731-405E-B1BD-8FC8E442DF25}.Debug|Any CPU.Build.0 = Debug|Any CPU
		{C214DE9F-2731-405E-B1BD-8FC8E442DF25}.Release|Any CPU.ActiveCfg = Release|Any CPU
		{C214DE9F-2731-405E-B1BD-8FC8E442DF25}.Release|Any CPU.Build.0 = Release|Any CPU
		{4FCB03DE-2DDE-46F6-B47A-F88F58059566}.Debug|Any CPU.ActiveCfg = Debug|Any CPU
		{4FCB03DE-2DDE-46F6-B47A-F88F58059566}.Debug|Any CPU.Build.0 = Debug|Any CPU
		{4FCB03DE-2DDE-46F6-B47A-F88F58059566}.Release|Any CPU.ActiveCfg = Release|Any CPU
		{4FCB03DE-2DDE-46F6-B47A-F88F58059566}.Release|Any CPU.Build.0 = Release|Any CPU
	EndGlobalSection
	GlobalSection(SolutionProperties) = preSolution
		HideSolutionNode = FALSE
	EndGlobalSection
	GlobalSection(ExtensibilityGlobals) = postSolution
		SolutionGuid = {6A97C98F-2CCF-4028-B272-9BEA9E2B8F7F}
	EndGlobalSection
EndGlobal
